
Microsoft Visual Studio Solution File, Format Version 12.00
# Visual Studio Version 17
VisualStudioVersion = 17.7.34009.444
MinimumVisualStudioVersion = 10.0.40219.1
Project("{FAE04EC0-301F-11D3-BF4B-00C04F79EFBC}") = "DVLD_Project", "DVLD_Project.csproj", "{6AE2D018-D227-4244-BB64-1AA1A7AD6F0D}"
EndProject
Project("{FAE04EC0-301F-11D3-BF4B-00C04F79EFBC}") = "DVLDDataAccessLayer", "..\DVLDDataAccessLayer\DVLDDataAccessLayer.csproj", "{61B35224-45A0-4488-93AD-4724B5507410}"
EndProject
Project("{FAE04EC0-301F-11D3-BF4B-00C04F79EFBC}") = "DVLDBusinessLayer", "..\DVLDBusinessLayer\DVLDBusinessLayer.csproj", "{4DF5C89E-8321-43E7-8D01-6A9F42C6485E}"
EndProject
Global
	GlobalSection(SolutionConfigurationPlatforms) = preSolution
		Debug|Any CPU = Debug|Any CPU
		Release|Any CPU = Release|Any CPU
	EndGlobalSection
	GlobalSection(ProjectConfigurationPlatforms) = postSolution
		{6AE2D018-D227-4244-BB64-1AA1A7AD6F0D}.Debug|Any CPU.ActiveCfg = Debug|Any CPU
		{6AE2D018-D227-4244-BB64-1AA1A7AD6F0D}.Debug|Any CPU.Build.0 = Debug|Any CPU
		{6AE2D018-D227-4244-BB64-1AA1A7AD6F0D}.Release|Any CPU.ActiveCfg = Release|Any CPU
		{6AE2D018-D227-4244-BB64-1AA1A7AD6F0D}.Release|Any CPU.Build.0 = Release|Any CPU
		{61B35224-45A0-4488-93AD-4724B5507410}.Debug|Any CPU.ActiveCfg = Debug|Any CPU
		{61B35224-45A0-4488-93AD-4724B5507410}.Debug|Any CPU.Build.0 = Debug|Any CPU
		{61B35224-45A0-4488-93AD-4724B5507410}.Release|Any CPU.ActiveCfg = Release|Any CPU
		{61B35224-45A0-4488-93AD-4724B5507410}.Release|Any CPU.Build.0 = Release|Any CPU
		{4DF5C89E-8321-43E7-8D01-6A9F42C6485E}.Debug|Any CPU.ActiveCfg = Debug|Any CPU
		{4DF5C89E-8321-43E7-8D01-6A9F42C6485E}.Debug|Any CPU.Build.0 = Debug|Any CPU
		{4DF5C89E-8321-43E7-8D01-6A9F42C6485E}.Release|Any CPU.ActiveCfg = Release|Any CPU
		{4DF5C89E-8321-43E7-8D01-6A9F42C6485E}.Release|Any CPU.Build.0 = Release|Any CPU
	EndGlobalSection
	GlobalSection(SolutionProperties) = preSolution
		HideSolutionNode = FALSE
	EndGlobalSection
	GlobalSection(ExtensibilityGlobals) = postSolution
		SolutionGuid = {DDA646F2-2150-48A7-AC62-77EBEC17AB22}
	EndGlobalSection
EndGlobal
